
Microsoft Visual Studio Solution File, Format Version 12.00
# Visual Studio Version 16
VisualStudioVersion = 16.0.29806.167
MinimumVisualStudioVersion = 10.0.40219.1
Project("{9A19103F-16F7-4668-BE54-9A1E7A4F7556}") = "Users.API", "src\Users.API\Users.API.csproj", "{5EB9F83F-9E29-44EB-8896-E2D87F7191CB}"
EndProject
Project("{9A19103F-16F7-4668-BE54-9A1E7A4F7556}") = "Users.Logger", "src\Users.Logger\Users.Logger.csproj", "{F8AF2B6F-CD37-41E3-8D39-603F177409FC}"
EndProject
Global
	GlobalSection(SolutionConfigurationPlatforms) = preSolution
		Debug|Any CPU = Debug|Any CPU
		Release|Any CPU = Release|Any CPU
	EndGlobalSection
	GlobalSection(ProjectConfigurationPlatforms) = postSolution
		{5EB9F83F-9E29-44EB-8896-E2D87F7191CB}.Debug|Any CPU.ActiveCfg = Debug|Any CPU
		{5EB9F83F-9E29-44EB-8896-E2D87F7191CB}.Debug|Any CPU.Build.0 = Debug|Any CPU
		{5EB9F83F-9E29-44EB-8896-E2D87F7191CB}.Release|Any CPU.ActiveCfg = Release|Any CPU
		{5EB9F83F-9E29-44EB-8896-E2D87F7191CB}.Release|Any CPU.Build.0 = Release|Any CPU
		{F8AF2B6F-CD37-41E3-8D39-603F177409FC}.Debug|Any CPU.ActiveCfg = Debug|Any CPU
		{F8AF2B6F-CD37-41E3-8D39-603F177409FC}.Debug|Any CPU.Build.0 = Debug|Any CPU
		{F8AF2B6F-CD37-41E3-8D39-603F177409FC}.Release|Any CPU.ActiveCfg = Release|Any CPU
		{F8AF2B6F-CD37-41E3-8D39-603F177409FC}.Release|Any CPU.Build.0 = Release|Any CPU
	EndGlobalSection
	GlobalSection(SolutionProperties) = preSolution
		HideSolutionNode = FALSE
	EndGlobalSection
	GlobalSection(ExtensibilityGlobals) = postSolution
		SolutionGuid = {5BED1DEC-094F-44E6-87E0-E393230546E3}
	EndGlobalSection
EndGlobal
